Microsoft Visual Studio Solution File, Format Version 12.00
# Visual Studio Version 17
VisualStudioVersion = 17.5.2.0
MinimumVisualStudioVersion = 10.0.40219.1
Project("{FAE04EC0-301F-11D3-BF4B-00C04F79EFBC}") = "SportsLeagueApi", "SportsLeagueApi.csproj", "{434FE39A-3736-754A-3C80-71D1BA71DD51}"
EndProject
Global
	GlobalSection(SolutionConfigurationPlatforms) = preSolution
		Debug|Any CPU = Debug|Any CPU
		Release|Any CPU = Release|Any CPU
	EndGlobalSection
	GlobalSection(ProjectConfigurationPlatforms) = postSolution
		{434FE39A-3736-754A-3C80-71D1BA71DD51}.Debug|Any CPU.ActiveCfg = Debug|Any CPU
		{434FE39A-3736-754A-3C80-71D1BA71DD51}.Debug|Any CPU.Build.0 = Debug|Any CPU
		{434FE39A-3736-754A-3C80-71D1BA71DD51}.Release|Any CPU.ActiveCfg = Release|Any CPU
		{434FE39A-3736-754A-3C80-71D1BA71DD51}.Release|Any CPU.Build.0 = Release|Any CPU
	EndGlobalSection
	GlobalSection(SolutionProperties) = preSolution
		HideSolutionNode = FALSE
	EndGlobalSection
	GlobalSection(ExtensibilityGlobals) = postSolution
		SolutionGuid = {BD8EAD2F-C84A-4CB0-9C08-083A21EB8C93}
	EndGlobalSection
EndGlobal
